
Microsoft Visual Studio Solution File, Format Version 12.00
# Visual Studio 15
VisualStudioVersion = 15.0.28010.2036
MinimumVisualStudioVersion = 10.0.40219.1
Project("{FAE04EC0-301F-11D3-BF4B-00C04F79EFBC}") = "DWD273_W5-L3_CrawJessica", "DWD273_W5-L3_CrawJessica\DWD273_W5-L3_CrawJessica.csproj", "{DD5F68EF-237B-41A9-9262-7C1C2D2770EE}"
EndProject
Global
	GlobalSection(SolutionConfigurationPlatforms) = preSolution
		Debug|Any CPU = Debug|Any CPU
		Release|Any CPU = Release|Any CPU
	EndGlobalSection
	GlobalSection(ProjectConfigurationPlatforms) = postSolution
		{DD5F68EF-237B-41A9-9262-7C1C2D2770EE}.Debug|Any CPU.ActiveCfg = Debug|Any CPU
		{DD5F68EF-237B-41A9-9262-7C1C2D2770EE}.Debug|Any CPU.Build.0 = Debug|Any CPU
		{DD5F68EF-237B-41A9-9262-7C1C2D2770EE}.Release|Any CPU.ActiveCfg = Release|Any CPU
		{DD5F68EF-237B-41A9-9262-7C1C2D2770EE}.Release|Any CPU.Build.0 = Release|Any CPU
	EndGlobalSection
	GlobalSection(SolutionProperties) = preSolution
		HideSolutionNode = FALSE
	EndGlobalSection
	GlobalSection(ExtensibilityGlobals) = postSolution
		SolutionGuid = {33AD34E8-18A0-48BE-B6B3-FE398E77107D}
	EndGlobalSection
EndGlobal
